Microsoft Visual Studio Solution File, Format Version 12.00
# Visual Studio Version 17
VisualStudioVersion = 17.5.2.0
MinimumVisualStudioVersion = 10.0.40219.1
Project("{FAE04EC0-301F-11D3-BF4B-00C04F79EFBC}") = "cs-anilist", "cs-anilist.csproj", "{83E8024C-E9A9-FD75-0C64-79C0BB98AC45}"
EndProject
Global
	GlobalSection(SolutionConfigurationPlatforms) = preSolution
		Debug|Any CPU = Debug|Any CPU
		Release|Any CPU = Release|Any CPU
	EndGlobalSection
	GlobalSection(ProjectConfigurationPlatforms) = postSolution
		{83E8024C-E9A9-FD75-0C64-79C0BB98AC45}.Debug|Any CPU.ActiveCfg = Debug|Any CPU
		{83E8024C-E9A9-FD75-0C64-79C0BB98AC45}.Debug|Any CPU.Build.0 = Debug|Any CPU
		{83E8024C-E9A9-FD75-0C64-79C0BB98AC45}.Release|Any CPU.ActiveCfg = Release|Any CPU
		{83E8024C-E9A9-FD75-0C64-79C0BB98AC45}.Release|Any CPU.Build.0 = Release|Any CPU
	EndGlobalSection
	GlobalSection(SolutionProperties) = preSolution
		HideSolutionNode = FALSE
	EndGlobalSection
	GlobalSection(ExtensibilityGlobals) = postSolution
		SolutionGuid = {5F37864F-E5D8-49B8-A128-FC053BA328C4}
	EndGlobalSection
EndGlobal
